
Microsoft Visual Studio Solution File, Format Version 12.00
Project("{2150E333-8FDC-42A3-9474-1A3956D46DE8}") = "AsyncApi", "AsyncApi", "{88B1D314-C687-44D4-96C1-67EFDF563DD4}"
EndProject
Project("{FAE04EC0-301F-11D3-BF4B-00C04F79EFBC}") = "AsyncApi.LoadTests", "AsyncApi\AsyncApi.LoadTests\AsyncApi.LoadTests.csproj", "{53B8B86A-333C-4A44-A102-1782161AB427}"
EndProject
Project("{FAE04EC0-301F-11D3-BF4B-00C04F79EFBC}") = "AsyncApi", "AsyncApi\AsyncApi\AsyncApi.csproj", "{63E850AA-E17A-41AB-81BB-5449345EB3AB}"
EndProject
Project("{FAE04EC0-301F-11D3-BF4B-00C04F79EFBC}") = "NoAwait", "NoAwait\NoAwait.csproj", "{298D3D80-16C3-4CCD-AC24-CB21AF53C8B4}"
EndProject
Project("{FAE04EC0-301F-11D3-BF4B-00C04F79EFBC}") = "Awaiting", "Awaiting\Awaiting.csproj", "{C8FCE9F0-5B0A-42FC-B5B8-7B391FBDD21E}"
EndProject
Project("{FAE04EC0-301F-11D3-BF4B-00C04F79EFBC}") = "WhenAllResult", "WhenAllResult\WhenAllResult.csproj", "{A90DF3DF-EC25-4F84-A7D2-FD8DFF408FBA}"
EndProject
Project("{FAE04EC0-301F-11D3-BF4B-00C04F79EFBC}") = "AsyncVoid", "AsyncVoid\AsyncVoid.csproj", "{28AAF60C-3EB3-401C-A406-DE8506119403}"
EndProject
Project("{FAE04EC0-301F-11D3-BF4B-00C04F79EFBC}") = "OwnAsyncStateMachine", "OwnAsyncStateMachine\OwnAsyncStateMachine.csproj", "{2465BD2A-C283-4917-B41B-B725E98F8EF2}"
EndProject
Project("{FAE04EC0-301F-11D3-BF4B-00C04F79EFBC}") = "TaskRun", "TaskRun\TaskRun.csproj", "{6E1CEEBE-3FE1-4ED7-B6D2-D87DE945C759}"
EndProject
Project("{FAE04EC0-301F-11D3-BF4B-00C04F79EFBC}") = "TaskBasics", "TaskBasics\TaskBasics.csproj", "{A8C88702-1686-4D14-874F-439A80C4B848}"
EndProject
Project("{FAE04EC0-301F-11D3-BF4B-00C04F79EFBC}") = "ProcessThreadPriorities", "ProcessThreadPriorities\ProcessThreadPriorities.csproj", "{0C63DB9F-5382-4C64-B639-DE04AAE1D08F}"
EndProject
Project("{FAE04EC0-301F-11D3-BF4B-00C04F79EFBC}") = "ThreadPool", "ThreadPool\ThreadPool.csproj", "{BCD70E76-1AF3-4864-8116-2E60CAC1BFBB}"
EndProject
Project("{FAE04EC0-301F-11D3-BF4B-00C04F79EFBC}") = "TaskStatus", "TaskStatus\TaskStatus.csproj", "{F6634895-1B9F-45EC-89C6-8D1B1F7D6F4C}"
EndProject
Project("{FAE04EC0-301F-11D3-BF4B-00C04F79EFBC}") = "RunningTasks", "RunningTasks\RunningTasks.csproj", "{3ED81970-D142-4492-B434-1EDCFF4C7AEE}"
EndProject
Project("{FAE04EC0-301F-11D3-BF4B-00C04F79EFBC}") = "UnobservedTaskExceptions", "UnobservedTaskExceptions\UnobservedTaskExceptions.csproj", "{B9A6154A-7BB0-4B58-8AB4-31F992CFADC2}"
EndProject
Project("{FAE04EC0-301F-11D3-BF4B-00C04F79EFBC}") = "CurrentThread", "CurrentThread\CurrentThread.csproj", "{A0546CE5-761E-414D-82DB-CB3D96389BAE}"
EndProject
Project("{FAE04EC0-301F-11D3-BF4B-00C04F79EFBC}") = "RaceCondidtions", "RaceCondidtions\RaceCondidtions.csproj", "{483F06A8-B2AB-4BC2-85F8-48DC0D2DAC76}"
EndProject
Project("{FAE04EC0-301F-11D3-BF4B-00C04F79EFBC}") = "Semaphores", "Semaphores\Semaphores.csproj", "{813ECCE4-9106-4B04-BB0F-8C13239B13A6}"
EndProject
Project("{2150E333-8FDC-42A3-9474-1A3956D46DE8}") = "SynchronizationMechanisms", "SynchronizationMechanisms", "{CFDDFC28-3258-4B2C-83E1-926A21602C05}"
EndProject
Global
	GlobalSection(SolutionConfigurationPlatforms) = preSolution
		Debug|Any CPU = Debug|Any CPU
		Release|Any CPU = Release|Any CPU
	EndGlobalSection
	GlobalSection(ProjectConfigurationPlatforms) = postSolution
		{53B8B86A-333C-4A44-A102-1782161AB427}.Debug|Any CPU.ActiveCfg = Debug|Any CPU
		{53B8B86A-333C-4A44-A102-1782161AB427}.Debug|Any CPU.Build.0 = Debug|Any CPU
		{53B8B86A-333C-4A44-A102-1782161AB427}.Release|Any CPU.ActiveCfg = Release|Any CPU
		{53B8B86A-333C-4A44-A102-1782161AB427}.Release|Any CPU.Build.0 = Release|Any CPU
		{63E850AA-E17A-41AB-81BB-5449345EB3AB}.Debug|Any CPU.ActiveCfg = Debug|Any CPU
		{63E850AA-E17A-41AB-81BB-5449345EB3AB}.Debug|Any CPU.Build.0 = Debug|Any CPU
		{63E850AA-E17A-41AB-81BB-5449345EB3AB}.Release|Any CPU.ActiveCfg = Release|Any CPU
		{63E850AA-E17A-41AB-81BB-5449345EB3AB}.Release|Any CPU.Build.0 = Release|Any CPU
		{298D3D80-16C3-4CCD-AC24-CB21AF53C8B4}.Debug|Any CPU.ActiveCfg = Debug|Any CPU
		{298D3D80-16C3-4CCD-AC24-CB21AF53C8B4}.Debug|Any CPU.Build.0 = Debug|Any CPU
		{298D3D80-16C3-4CCD-AC24-CB21AF53C8B4}.Release|Any CPU.ActiveCfg = Release|Any CPU
		{298D3D80-16C3-4CCD-AC24-CB21AF53C8B4}.Release|Any CPU.Build.0 = Release|Any CPU
		{C8FCE9F0-5B0A-42FC-B5B8-7B391FBDD21E}.Debug|Any CPU.ActiveCfg = Debug|Any CPU
		{C8FCE9F0-5B0A-42FC-B5B8-7B391FBDD21E}.Debug|Any CPU.Build.0 = Debug|Any CPU
		{C8FCE9F0-5B0A-42FC-B5B8-7B391FBDD21E}.Release|Any CPU.ActiveCfg = Release|Any CPU
		{C8FCE9F0-5B0A-42FC-B5B8-7B391FBDD21E}.Release|Any CPU.Build.0 = Release|Any CPU
		{A90DF3DF-EC25-4F84-A7D2-FD8DFF408FBA}.Debug|Any CPU.ActiveCfg = Debug|Any CPU
		{A90DF3DF-EC25-4F84-A7D2-FD8DFF408FBA}.Debug|Any CPU.Build.0 = Debug|Any CPU
		{A90DF3DF-EC25-4F84-A7D2-FD8DFF408FBA}.Release|Any CPU.ActiveCfg = Release|Any CPU
		{A90DF3DF-EC25-4F84-A7D2-FD8DFF408FBA}.Release|Any CPU.Build.0 = Release|Any CPU
		{28AAF60C-3EB3-401C-A406-DE8506119403}.Debug|Any CPU.ActiveCfg = Debug|Any CPU
		{28AAF60C-3EB3-401C-A406-DE8506119403}.Debug|Any CPU.Build.0 = Debug|Any CPU
		{28AAF60C-3EB3-401C-A406-DE8506119403}.Release|Any CPU.ActiveCfg = Release|Any CPU
		{28AAF60C-3EB3-401C-A406-DE8506119403}.Release|Any CPU.Build.0 = Release|Any CPU
		{2465BD2A-C283-4917-B41B-B725E98F8EF2}.Debug|Any CPU.ActiveCfg = Debug|Any CPU
		{2465BD2A-C283-4917-B41B-B725E98F8EF2}.Debug|Any CPU.Build.0 = Debug|Any CPU
		{2465BD2A-C283-4917-B41B-B725E98F8EF2}.Release|Any CPU.ActiveCfg = Release|Any CPU
		{2465BD2A-C283-4917-B41B-B725E98F8EF2}.Release|Any CPU.Build.0 = Release|Any CPU
		{6E1CEEBE-3FE1-4ED7-B6D2-D87DE945C759}.Debug|Any CPU.ActiveCfg = Debug|Any CPU
		{6E1CEEBE-3FE1-4ED7-B6D2-D87DE945C759}.Debug|Any CPU.Build.0 = Debug|Any CPU
		{6E1CEEBE-3FE1-4ED7-B6D2-D87DE945C759}.Release|Any CPU.ActiveCfg = Release|Any CPU
		{6E1CEEBE-3FE1-4ED7-B6D2-D87DE945C759}.Release|Any CPU.Build.0 = Release|Any CPU
		{A8C88702-1686-4D14-874F-439A80C4B848}.Debug|Any CPU.ActiveCfg = Debug|Any CPU
		{A8C88702-1686-4D14-874F-439A80C4B848}.Debug|Any CPU.Build.0 = Debug|Any CPU
		{A8C88702-1686-4D14-874F-439A80C4B848}.Release|Any CPU.ActiveCfg = Release|Any CPU
		{A8C88702-1686-4D14-874F-439A80C4B848}.Release|Any CPU.Build.0 = Release|Any CPU
		{0C63DB9F-5382-4C64-B639-DE04AAE1D08F}.Debug|Any CPU.ActiveCfg = Debug|Any CPU
		{0C63DB9F-5382-4C64-B639-DE04AAE1D08F}.Debug|Any CPU.Build.0 = Debug|Any CPU
		{0C63DB9F-5382-4C64-B639-DE04AAE1D08F}.Release|Any CPU.ActiveCfg = Release|Any CPU
		{0C63DB9F-5382-4C64-B639-DE04AAE1D08F}.Release|Any CPU.Build.0 = Release|Any CPU
		{BCD70E76-1AF3-4864-8116-2E60CAC1BFBB}.Debug|Any CPU.ActiveCfg = Debug|Any CPU
		{BCD70E76-1AF3-4864-8116-2E60CAC1BFBB}.Debug|Any CPU.Build.0 = Debug|Any CPU
		{BCD70E76-1AF3-4864-8116-2E60CAC1BFBB}.Release|Any CPU.ActiveCfg = Release|Any CPU
		{BCD70E76-1AF3-4864-8116-2E60CAC1BFBB}.Release|Any CPU.Build.0 = Release|Any CPU
		{F6634895-1B9F-45EC-89C6-8D1B1F7D6F4C}.Debug|Any CPU.ActiveCfg = Debug|Any CPU
		{F6634895-1B9F-45EC-89C6-8D1B1F7D6F4C}.Debug|Any CPU.Build.0 = Debug|Any CPU
		{F6634895-1B9F-45EC-89C6-8D1B1F7D6F4C}.Release|Any CPU.ActiveCfg = Release|Any CPU
		{F6634895-1B9F-45EC-89C6-8D1B1F7D6F4C}.Release|Any CPU.Build.0 = Release|Any CPU
		{3ED81970-D142-4492-B434-1EDCFF4C7AEE}.Debug|Any CPU.ActiveCfg = Debug|Any CPU
		{3ED81970-D142-4492-B434-1EDCFF4C7AEE}.Debug|Any CPU.Build.0 = Debug|Any CPU
		{3ED81970-D142-4492-B434-1EDCFF4C7AEE}.Release|Any CPU.ActiveCfg = Release|Any CPU
		{3ED81970-D142-4492-B434-1EDCFF4C7AEE}.Release|Any CPU.Build.0 = Release|Any CPU
		{B9A6154A-7BB0-4B58-8AB4-31F992CFADC2}.Debug|Any CPU.ActiveCfg = Debug|Any CPU
		{B9A6154A-7BB0-4B58-8AB4-31F992CFADC2}.Debug|Any CPU.Build.0 = Debug|Any CPU
		{B9A6154A-7BB0-4B58-8AB4-31F992CFADC2}.Release|Any CPU.ActiveCfg = Release|Any CPU
		{B9A6154A-7BB0-4B58-8AB4-31F992CFADC2}.Release|Any CPU.Build.0 = Release|Any CPU
		{A0546CE5-761E-414D-82DB-CB3D96389BAE}.Debug|Any CPU.ActiveCfg = Debug|Any CPU
		{A0546CE5-761E-414D-82DB-CB3D96389BAE}.Debug|Any CPU.Build.0 = Debug|Any CPU
		{A0546CE5-761E-414D-82DB-CB3D96389BAE}.Release|Any CPU.ActiveCfg = Release|Any CPU
		{A0546CE5-761E-414D-82DB-CB3D96389BAE}.Release|Any CPU.Build.0 = Release|Any CPU
		{483F06A8-B2AB-4BC2-85F8-48DC0D2DAC76}.Debug|Any CPU.ActiveCfg = Debug|Any CPU
		{483F06A8-B2AB-4BC2-85F8-48DC0D2DAC76}.Debug|Any CPU.Build.0 = Debug|Any CPU
		{483F06A8-B2AB-4BC2-85F8-48DC0D2DAC76}.Release|Any CPU.ActiveCfg = Release|Any CPU
		{483F06A8-B2AB-4BC2-85F8-48DC0D2DAC76}.Release|Any CPU.Build.0 = Release|Any CPU
		{813ECCE4-9106-4B04-BB0F-8C13239B13A6}.Debug|Any CPU.ActiveCfg = Debug|Any CPU
		{813ECCE4-9106-4B04-BB0F-8C13239B13A6}.Debug|Any CPU.Build.0 = Debug|Any CPU
		{813ECCE4-9106-4B04-BB0F-8C13239B13A6}.Release|Any CPU.ActiveCfg = Release|Any CPU
		{813ECCE4-9106-4B04-BB0F-8C13239B13A6}.Release|Any CPU.Build.0 = Release|Any CPU
	EndGlobalSection
	GlobalSection(NestedProjects) = preSolution
		{53B8B86A-333C-4A44-A102-1782161AB427} = {88B1D314-C687-44D4-96C1-67EFDF563DD4}
		{63E850AA-E17A-41AB-81BB-5449345EB3AB} = {88B1D314-C687-44D4-96C1-67EFDF563DD4}
		{813ECCE4-9106-4B04-BB0F-8C13239B13A6} = {CFDDFC28-3258-4B2C-83E1-926A21602C05}
	EndGlobalSection
EndGlobal
