
Microsoft Visual Studio Solution File, Format Version 12.00
Project("{2150E333-8FDC-42A3-9474-1A3956D46DE8}") = "AsyncApi", "AsyncApi", "{88B1D314-C687-44D4-96C1-67EFDF563DD4}"
EndProject
Project("{FAE04EC0-301F-11D3-BF4B-00C04F79EFBC}") = "AsyncApi.LoadTests", "AsyncApi\AsyncApi.LoadTests\AsyncApi.LoadTests.csproj", "{53B8B86A-333C-4A44-A102-1782161AB427}"
EndProject
Project("{FAE04EC0-301F-11D3-BF4B-00C04F79EFBC}") = "AsyncApi", "AsyncApi\AsyncApi\AsyncApi.csproj", "{63E850AA-E17A-41AB-81BB-5449345EB3AB}"
EndProject
Project("{FAE04EC0-301F-11D3-BF4B-00C04F79EFBC}") = "ProcessThreadPriorities", "ProcessThreadPriorities\ProcessThreadPriorities.csproj", "{0C63DB9F-5382-4C64-B639-DE04AAE1D08F}"
EndProject
Project("{2150E333-8FDC-42A3-9474-1A3956D46DE8}") = "ThreadSafety", "ThreadSafety", "{CFDDFC28-3258-4B2C-83E1-926A21602C05}"
EndProject
Project("{2150E333-8FDC-42A3-9474-1A3956D46DE8}") = "StateMachine", "StateMachine", "{9800BBFF-0FE7-44A2-88BC-689B0BF3732A}"
EndProject
Project("{FAE04EC0-301F-11D3-BF4B-00C04F79EFBC}") = "OwnAsyncStateMachine", "StateMachine\OwnAsyncStateMachine\OwnAsyncStateMachine.csproj", "{219497AB-47A9-4A3A-A286-59685309475A}"
EndProject
Project("{FAE04EC0-301F-11D3-BF4B-00C04F79EFBC}") = "StateMachineThreads", "StateMachine\StateMachineThreads\StateMachineThreads.csproj", "{970787E4-9C29-40CA-BA07-07D379FBCC0E}"
EndProject
Project("{2150E333-8FDC-42A3-9474-1A3956D46DE8}") = "RaceConditions", "RaceConditions", "{B7A4F6D3-FE3D-475B-9C5C-8FF2C13B97CB}"
EndProject
Project("{FAE04EC0-301F-11D3-BF4B-00C04F79EFBC}") = "RaceCondition", "RaceConditions\RaceCondition\RaceCondition.csproj", "{1DAE1B94-ABFA-478A-A177-0F77D9FFC74E}"
EndProject
Project("{FAE04EC0-301F-11D3-BF4B-00C04F79EFBC}") = "SolvedFileRaceCondition", "RaceConditions\SolvedFileRaceCondition\SolvedFileRaceCondition.csproj", "{2AC7BE02-D56E-4579-9092-C227DA0428C3}"
EndProject
Project("{2150E333-8FDC-42A3-9474-1A3956D46DE8}") = "Threads", "Threads", "{AC65181C-D108-4A11-A75A-E2ED27AF3344}"
EndProject
Project("{FAE04EC0-301F-11D3-BF4B-00C04F79EFBC}") = "StartngThread", "Threads\StartngThread\StartngThread.csproj", "{11FF918F-0C3F-4A21-A4C8-E47E1BA09564}"
EndProject
Project("{FAE04EC0-301F-11D3-BF4B-00C04F79EFBC}") = "ThreadVsThreadPool", "Threads\ThreadVsThreadPool\ThreadVsThreadPool.csproj", "{781DBE58-377A-41FD-B61A-7BBD0C4085B4}"
EndProject
Project("{2150E333-8FDC-42A3-9474-1A3956D46DE8}") = "Tasks", "Tasks", "{523944AE-6640-4755-B6D5-5BECE1D20DA0}"
EndProject
Project("{FAE04EC0-301F-11D3-BF4B-00C04F79EFBC}") = "AvoidAsyncVoid", "Tasks\AvoidAsyncVoid\AvoidAsyncVoid.csproj", "{1C992BEE-1450-4F76-88CE-9D34903F2E2C}"
EndProject
Project("{FAE04EC0-301F-11D3-BF4B-00C04F79EFBC}") = "RunningTasks", "Tasks\RunningTasks\RunningTasks.csproj", "{860D1C94-C870-41C4-BFCF-EE3AFD77DC28}"
EndProject
Project("{FAE04EC0-301F-11D3-BF4B-00C04F79EFBC}") = "TaskRun", "Tasks\TaskRun\TaskRun.csproj", "{4C112502-499F-4C78-864F-D3DB9AB8FA18}"
EndProject
Project("{FAE04EC0-301F-11D3-BF4B-00C04F79EFBC}") = "TaskStatus", "Tasks\TaskStatus\TaskStatus.csproj", "{7C5CCA7F-7D2E-4BB5-84B0-1EB19F98CB88}"
EndProject
Project("{FAE04EC0-301F-11D3-BF4B-00C04F79EFBC}") = "ThreadVsTask", "Tasks\ThreadVsTask\ThreadVsTask.csproj", "{458343E9-B995-4123-AD4B-77F094EE1646}"
EndProject
Project("{FAE04EC0-301F-11D3-BF4B-00C04F79EFBC}") = "UnobservedTaskExceptions", "Tasks\UnobservedTaskExceptions\UnobservedTaskExceptions.csproj", "{EB849F71-2D99-4A19-B5F8-856067688CBE}"
EndProject
Project("{FAE04EC0-301F-11D3-BF4B-00C04F79EFBC}") = "WhyTasks", "Tasks\WhyTasks\WhyTasks.csproj", "{253A08DE-B2CD-4090-9622-7E01C06790F5}"
EndProject
Project("{FAE04EC0-301F-11D3-BF4B-00C04F79EFBC}") = "TaskEliding", "Tasks\TaskEliding\TaskEliding.csproj", "{1A541380-2C9B-4F9D-9831-E893B87CE96D}"
EndProject
Project("{2150E333-8FDC-42A3-9474-1A3956D46DE8}") = "Awaiting", "Awaiting", "{D0D39894-616A-417B-B411-A41F537E8CE3}"
EndProject
Project("{FAE04EC0-301F-11D3-BF4B-00C04F79EFBC}") = "AwaitBasics", "Awaiting\AwaitBasics\AwaitBasics.csproj", "{051E0796-A5EA-4FEF-9CA9-A263140913DF}"
EndProject
Project("{FAE04EC0-301F-11D3-BF4B-00C04F79EFBC}") = "NotAwaitedTask", "Awaiting\NotAwaitedTask\NotAwaitedTask.csproj", "{7A3CEEF4-68BB-41EB-A110-D667C8FB792E}"
EndProject
Project("{FAE04EC0-301F-11D3-BF4B-00C04F79EFBC}") = "AwaitException", "Awaiting\AwaitException\AwaitException.csproj", "{E45DE047-FECE-4C2B-9A0F-3C53104E2FE3}"
EndProject
Project("{FAE04EC0-301F-11D3-BF4B-00C04F79EFBC}") = "AwaitableTypes", "Awaiting\AwaitableTypes\AwaitableTypes.csproj", "{5B1BF924-5338-4025-91EF-5558C47CECF9}"
EndProject
Project("{FAE04EC0-301F-11D3-BF4B-00C04F79EFBC}") = "ForcedAsyncVoid", "Tasks\ForcedAsyncVoid\ForcedAsyncVoid.csproj", "{90C730A3-B004-4287-8466-54A69E189F33}"
EndProject
Project("{2150E333-8FDC-42A3-9474-1A3956D46DE8}") = "SynchronizationContext", "SynchronizationContext", "{BA2A766E-0EC7-4904-B8AC-3D0C8224A7A6}"
EndProject
Project("{FAE04EC0-301F-11D3-BF4B-00C04F79EFBC}") = "ConsoleSyncCtx", "SynchronizationContext\ConsoleSyncCtx\ConsoleSyncCtx.csproj", "{893BA2F3-9631-456B-B210-412087CD7C36}"
EndProject
Project("{FAE04EC0-301F-11D3-BF4B-00C04F79EFBC}") = "WpfSyncCtx", "SynchronizationContext\WpfSyncCtx\WpfSyncCtx.csproj", "{BA10C48E-5A2A-40C7-B765-D3F1D754D234}"
EndProject
Project("{FAE04EC0-301F-11D3-BF4B-00C04F79EFBC}") = "Helpers", "Helpers\Helpers.csproj", "{A516CC6E-03CE-49ED-A11F-FFE0303E7BF4}"
EndProject
Project("{FAE04EC0-301F-11D3-BF4B-00C04F79EFBC}") = "TaskCompletionSource", "TaskCompletionSource\TaskCompletionSource.csproj", "{8FA19E4F-9A3A-490C-BD0E-6E3BB76E91A5}"
EndProject
Project("{FAE04EC0-301F-11D3-BF4B-00C04F79EFBC}") = "Progress", "Progress\Progress.csproj", "{AE6019B4-F5B1-48C5-95D7-993D367013C9}"
EndProject
Project("{2150E333-8FDC-42A3-9474-1A3956D46DE8}") = "ContinueWith", "ContinueWith", "{DB0C2AE5-7C70-439D-BC7A-59DBA15D9345}"
EndProject
Project("{FAE04EC0-301F-11D3-BF4B-00C04F79EFBC}") = "ContinueWithBasics", "Tasks\ContinueWith\ContinueWithBasics\ContinueWithBasics.csproj", "{F2676B6B-A25F-46E0-BD65-AC93DFCA5CA2}"
EndProject
Project("{FAE04EC0-301F-11D3-BF4B-00C04F79EFBC}") = "ContinueWithFailures", "Tasks\ContinueWith\ContinueWithFailures\ContinueWithFailures.csproj", "{0EECBD5F-0CFC-45F4-AD96-8BF6DB324780}"
EndProject
Project("{2150E333-8FDC-42A3-9474-1A3956D46DE8}") = "AsyncStreams", "AsyncStreams", "{14527DD4-E362-45B0-866E-7D6870BABABF}"
EndProject
Project("{2150E333-8FDC-42A3-9474-1A3956D46DE8}") = "Deadlocks", "Deadlocks", "{67D786B1-C997-4152-974D-E45474352491}"
EndProject
Project("{FAE04EC0-301F-11D3-BF4B-00C04F79EFBC}") = "SyncCtxDeadlock", "Deadlocks\SyncCtxDeadlock\SyncCtxDeadlock.csproj", "{2CC04F99-E2AE-4A30-8FC7-B75F475332CA}"
EndProject
Project("{FAE04EC0-301F-11D3-BF4B-00C04F79EFBC}") = "MutualDeadlock", "Deadlocks\MutualDeadlock\MutualDeadlock.csproj", "{47C0DFF6-9638-45FC-A6C3-92A606F74004}"
EndProject
Project("{FAE04EC0-301F-11D3-BF4B-00C04F79EFBC}") = "AttachingTasks", "Tasks\AttachingTasks\AttachingTasks.csproj", "{A5FC3F90-421E-4917-B773-7A1D8D34DBA6}"
EndProject
Project("{2150E333-8FDC-42A3-9474-1A3956D46DE8}") = "TaskWhen", "TaskWhen", "{B4A0AEBF-AE31-402F-8025-9D35895C5EBC}"
EndProject
Project("{FAE04EC0-301F-11D3-BF4B-00C04F79EFBC}") = "WhenAll", "Tasks\TaskWhen\WhenAll\WhenAll.csproj", "{E7959BAC-1D87-4BEF-9D96-DA51B9A24F97}"
EndProject
Project("{FAE04EC0-301F-11D3-BF4B-00C04F79EFBC}") = "WhenAny", "Tasks\TaskWhen\WhenAny\WhenAny.csproj", "{342D0A74-0D37-4E40-A39F-81F81E3D6F89}"
EndProject
Project("{FAE04EC0-301F-11D3-BF4B-00C04F79EFBC}") = "Lock", "ThreadSafety\Lock\Lock.csproj", "{645E69B4-AB85-43CE-9EDF-E05DC0C32B79}"
EndProject
Project("{FAE04EC0-301F-11D3-BF4B-00C04F79EFBC}") = "SemaphoreSlim", "ThreadSafety\SemaphoreSlim\SemaphoreSlim.csproj", "{D8E9F704-F069-46A3-92E5-24DAE05D7CA7}"
EndProject
Project("{FAE04EC0-301F-11D3-BF4B-00C04F79EFBC}") = "ConcurrentBag", "ThreadSafety\ConcurrentBag\ConcurrentBag.csproj", "{137F3B10-CD45-46B1-BE80-28B3D45A4995}"
EndProject
Project("{FAE04EC0-301F-11D3-BF4B-00C04F79EFBC}") = "WhenExceptions", "Tasks\TaskWhen\WhenExceptions\WhenExceptions.csproj", "{A52A9302-C504-4D65-9AA7-7FB3AE32852C}"
EndProject
Project("{FAE04EC0-301F-11D3-BF4B-00C04F79EFBC}") = "CancelDisposeStream", "AsyncStreams\CancelDisposeStream\CancelDisposeStream.csproj", "{93DCD9D1-FD6F-4C18-84A4-2660D3DCDC1E}"
EndProject
Project("{FAE04EC0-301F-11D3-BF4B-00C04F79EFBC}") = "DemoStream", "AsyncStreams\DemoStream\DemoStream.csproj", "{FFC11B6E-DAA4-425B-87CD-01A4C755FA19}"
EndProject
Project("{2150E333-8FDC-42A3-9474-1A3956D46DE8}") = "CancelingOperations", "CancelingOperations", "{7345478E-0B07-4C5E-9286-E74F5D145C00}"
EndProject
Project("{FAE04EC0-301F-11D3-BF4B-00C04F79EFBC}") = "CancellationTokenSource", "CancelingOperations\CancellationTokenSource\CancellationTokenSource.csproj", "{A67B1AA6-DA34-40DF-868F-16C91FF667D6}"
EndProject
Project("{FAE04EC0-301F-11D3-BF4B-00C04F79EFBC}") = "LongRunningCancelation", "CancelingOperations\LongRunningCancelation\LongRunningCancelation.csproj", "{FAAF1723-B50A-417D-8D91-B42981119B89}"
EndProject
Project("{FAE04EC0-301F-11D3-BF4B-00C04F79EFBC}") = "MoreCancelingOptions", "CancelingOperations\MoreCancelingOptions\MoreCancelingOptions.csproj", "{1AEBAC78-05B6-44C4-854D-DA5EF3CE765D}"
EndProject
Project("{FAE04EC0-301F-11D3-BF4B-00C04F79EFBC}") = "DefaultTokens", "CancelingOperations\DefaultTokens\DefaultTokens.csproj", "{47CB0E6D-9AB0-4337-BF91-DDCE3CBDFD2C}"
EndProject
Project("{FAE04EC0-301F-11D3-BF4B-00C04F79EFBC}") = "CanceledTasks", "Tasks\ContinueWith\CanceledTasks\CanceledTasks.csproj", "{279434F3-CD7C-4EA9-A6B3-5D6BFF215BFD}"
EndProject
Project("{FAE04EC0-301F-11D3-BF4B-00C04F79EFBC}") = "StateMachineOverhead", "StateMachine\StateMachineOverhead\StateMachineOverhead.csproj", "{9243939C-AA44-446F-AFF5-475D5513A056}"
EndProject
Project("{FAE04EC0-301F-11D3-BF4B-00C04F79EFBC}") = "StateMachineStack", "StateMachine\StateMachineStack\StateMachineStack.csproj", "{E35F0979-29E6-4528-912F-029A1600992C}"
EndProject
Project("{FAE04EC0-301F-11D3-BF4B-00C04F79EFBC}") = "StateMachineBackgroundWork", "StateMachine\StateMachineBackgroundWork\StateMachineBackgroundWork.csproj", "{BEFEF3C6-10B0-4599-8C8B-6FA46211F63A}"
EndProject
Global
	GlobalSection(SolutionConfigurationPlatforms) = preSolution
		Debug|Any CPU = Debug|Any CPU
		Release|Any CPU = Release|Any CPU
	EndGlobalSection
	GlobalSection(ProjectConfigurationPlatforms) = postSolution
		{53B8B86A-333C-4A44-A102-1782161AB427}.Debug|Any CPU.ActiveCfg = Debug|Any CPU
		{53B8B86A-333C-4A44-A102-1782161AB427}.Debug|Any CPU.Build.0 = Debug|Any CPU
		{53B8B86A-333C-4A44-A102-1782161AB427}.Release|Any CPU.ActiveCfg = Release|Any CPU
		{53B8B86A-333C-4A44-A102-1782161AB427}.Release|Any CPU.Build.0 = Release|Any CPU
		{63E850AA-E17A-41AB-81BB-5449345EB3AB}.Debug|Any CPU.ActiveCfg = Debug|Any CPU
		{63E850AA-E17A-41AB-81BB-5449345EB3AB}.Debug|Any CPU.Build.0 = Debug|Any CPU
		{63E850AA-E17A-41AB-81BB-5449345EB3AB}.Release|Any CPU.ActiveCfg = Release|Any CPU
		{63E850AA-E17A-41AB-81BB-5449345EB3AB}.Release|Any CPU.Build.0 = Release|Any CPU
		{0C63DB9F-5382-4C64-B639-DE04AAE1D08F}.Debug|Any CPU.ActiveCfg = Debug|Any CPU
		{0C63DB9F-5382-4C64-B639-DE04AAE1D08F}.Debug|Any CPU.Build.0 = Debug|Any CPU
		{0C63DB9F-5382-4C64-B639-DE04AAE1D08F}.Release|Any CPU.ActiveCfg = Release|Any CPU
		{0C63DB9F-5382-4C64-B639-DE04AAE1D08F}.Release|Any CPU.Build.0 = Release|Any CPU
		{219497AB-47A9-4A3A-A286-59685309475A}.Debug|Any CPU.ActiveCfg = Debug|Any CPU
		{219497AB-47A9-4A3A-A286-59685309475A}.Debug|Any CPU.Build.0 = Debug|Any CPU
		{219497AB-47A9-4A3A-A286-59685309475A}.Release|Any CPU.ActiveCfg = Release|Any CPU
		{219497AB-47A9-4A3A-A286-59685309475A}.Release|Any CPU.Build.0 = Release|Any CPU
		{970787E4-9C29-40CA-BA07-07D379FBCC0E}.Debug|Any CPU.ActiveCfg = Debug|Any CPU
		{970787E4-9C29-40CA-BA07-07D379FBCC0E}.Debug|Any CPU.Build.0 = Debug|Any CPU
		{970787E4-9C29-40CA-BA07-07D379FBCC0E}.Release|Any CPU.ActiveCfg = Release|Any CPU
		{970787E4-9C29-40CA-BA07-07D379FBCC0E}.Release|Any CPU.Build.0 = Release|Any CPU
		{1DAE1B94-ABFA-478A-A177-0F77D9FFC74E}.Debug|Any CPU.ActiveCfg = Debug|Any CPU
		{1DAE1B94-ABFA-478A-A177-0F77D9FFC74E}.Debug|Any CPU.Build.0 = Debug|Any CPU
		{1DAE1B94-ABFA-478A-A177-0F77D9FFC74E}.Release|Any CPU.ActiveCfg = Release|Any CPU
		{1DAE1B94-ABFA-478A-A177-0F77D9FFC74E}.Release|Any CPU.Build.0 = Release|Any CPU
		{2AC7BE02-D56E-4579-9092-C227DA0428C3}.Debug|Any CPU.ActiveCfg = Debug|Any CPU
		{2AC7BE02-D56E-4579-9092-C227DA0428C3}.Debug|Any CPU.Build.0 = Debug|Any CPU
		{2AC7BE02-D56E-4579-9092-C227DA0428C3}.Release|Any CPU.ActiveCfg = Release|Any CPU
		{2AC7BE02-D56E-4579-9092-C227DA0428C3}.Release|Any CPU.Build.0 = Release|Any CPU
		{11FF918F-0C3F-4A21-A4C8-E47E1BA09564}.Debug|Any CPU.ActiveCfg = Debug|Any CPU
		{11FF918F-0C3F-4A21-A4C8-E47E1BA09564}.Debug|Any CPU.Build.0 = Debug|Any CPU
		{11FF918F-0C3F-4A21-A4C8-E47E1BA09564}.Release|Any CPU.ActiveCfg = Release|Any CPU
		{11FF918F-0C3F-4A21-A4C8-E47E1BA09564}.Release|Any CPU.Build.0 = Release|Any CPU
		{781DBE58-377A-41FD-B61A-7BBD0C4085B4}.Debug|Any CPU.ActiveCfg = Debug|Any CPU
		{781DBE58-377A-41FD-B61A-7BBD0C4085B4}.Debug|Any CPU.Build.0 = Debug|Any CPU
		{781DBE58-377A-41FD-B61A-7BBD0C4085B4}.Release|Any CPU.ActiveCfg = Release|Any CPU
		{781DBE58-377A-41FD-B61A-7BBD0C4085B4}.Release|Any CPU.Build.0 = Release|Any CPU
		{1C992BEE-1450-4F76-88CE-9D34903F2E2C}.Debug|Any CPU.ActiveCfg = Debug|Any CPU
		{1C992BEE-1450-4F76-88CE-9D34903F2E2C}.Debug|Any CPU.Build.0 = Debug|Any CPU
		{1C992BEE-1450-4F76-88CE-9D34903F2E2C}.Release|Any CPU.ActiveCfg = Release|Any CPU
		{1C992BEE-1450-4F76-88CE-9D34903F2E2C}.Release|Any CPU.Build.0 = Release|Any CPU
		{860D1C94-C870-41C4-BFCF-EE3AFD77DC28}.Debug|Any CPU.ActiveCfg = Debug|Any CPU
		{860D1C94-C870-41C4-BFCF-EE3AFD77DC28}.Debug|Any CPU.Build.0 = Debug|Any CPU
		{860D1C94-C870-41C4-BFCF-EE3AFD77DC28}.Release|Any CPU.ActiveCfg = Release|Any CPU
		{860D1C94-C870-41C4-BFCF-EE3AFD77DC28}.Release|Any CPU.Build.0 = Release|Any CPU
		{4C112502-499F-4C78-864F-D3DB9AB8FA18}.Debug|Any CPU.ActiveCfg = Debug|Any CPU
		{4C112502-499F-4C78-864F-D3DB9AB8FA18}.Debug|Any CPU.Build.0 = Debug|Any CPU
		{4C112502-499F-4C78-864F-D3DB9AB8FA18}.Release|Any CPU.ActiveCfg = Release|Any CPU
		{4C112502-499F-4C78-864F-D3DB9AB8FA18}.Release|Any CPU.Build.0 = Release|Any CPU
		{7C5CCA7F-7D2E-4BB5-84B0-1EB19F98CB88}.Debug|Any CPU.ActiveCfg = Debug|Any CPU
		{7C5CCA7F-7D2E-4BB5-84B0-1EB19F98CB88}.Debug|Any CPU.Build.0 = Debug|Any CPU
		{7C5CCA7F-7D2E-4BB5-84B0-1EB19F98CB88}.Release|Any CPU.ActiveCfg = Release|Any CPU
		{7C5CCA7F-7D2E-4BB5-84B0-1EB19F98CB88}.Release|Any CPU.Build.0 = Release|Any CPU
		{458343E9-B995-4123-AD4B-77F094EE1646}.Debug|Any CPU.ActiveCfg = Debug|Any CPU
		{458343E9-B995-4123-AD4B-77F094EE1646}.Debug|Any CPU.Build.0 = Debug|Any CPU
		{458343E9-B995-4123-AD4B-77F094EE1646}.Release|Any CPU.ActiveCfg = Release|Any CPU
		{458343E9-B995-4123-AD4B-77F094EE1646}.Release|Any CPU.Build.0 = Release|Any CPU
		{EB849F71-2D99-4A19-B5F8-856067688CBE}.Debug|Any CPU.ActiveCfg = Debug|Any CPU
		{EB849F71-2D99-4A19-B5F8-856067688CBE}.Debug|Any CPU.Build.0 = Debug|Any CPU
		{EB849F71-2D99-4A19-B5F8-856067688CBE}.Release|Any CPU.ActiveCfg = Release|Any CPU
		{EB849F71-2D99-4A19-B5F8-856067688CBE}.Release|Any CPU.Build.0 = Release|Any CPU
		{253A08DE-B2CD-4090-9622-7E01C06790F5}.Debug|Any CPU.ActiveCfg = Debug|Any CPU
		{253A08DE-B2CD-4090-9622-7E01C06790F5}.Debug|Any CPU.Build.0 = Debug|Any CPU
		{253A08DE-B2CD-4090-9622-7E01C06790F5}.Release|Any CPU.ActiveCfg = Release|Any CPU
		{253A08DE-B2CD-4090-9622-7E01C06790F5}.Release|Any CPU.Build.0 = Release|Any CPU
		{1A541380-2C9B-4F9D-9831-E893B87CE96D}.Debug|Any CPU.ActiveCfg = Debug|Any CPU
		{1A541380-2C9B-4F9D-9831-E893B87CE96D}.Debug|Any CPU.Build.0 = Debug|Any CPU
		{1A541380-2C9B-4F9D-9831-E893B87CE96D}.Release|Any CPU.ActiveCfg = Release|Any CPU
		{1A541380-2C9B-4F9D-9831-E893B87CE96D}.Release|Any CPU.Build.0 = Release|Any CPU
		{051E0796-A5EA-4FEF-9CA9-A263140913DF}.Debug|Any CPU.ActiveCfg = Debug|Any CPU
		{051E0796-A5EA-4FEF-9CA9-A263140913DF}.Debug|Any CPU.Build.0 = Debug|Any CPU
		{051E0796-A5EA-4FEF-9CA9-A263140913DF}.Release|Any CPU.ActiveCfg = Release|Any CPU
		{051E0796-A5EA-4FEF-9CA9-A263140913DF}.Release|Any CPU.Build.0 = Release|Any CPU
		{7A3CEEF4-68BB-41EB-A110-D667C8FB792E}.Debug|Any CPU.ActiveCfg = Debug|Any CPU
		{7A3CEEF4-68BB-41EB-A110-D667C8FB792E}.Debug|Any CPU.Build.0 = Debug|Any CPU
		{7A3CEEF4-68BB-41EB-A110-D667C8FB792E}.Release|Any CPU.ActiveCfg = Release|Any CPU
		{7A3CEEF4-68BB-41EB-A110-D667C8FB792E}.Release|Any CPU.Build.0 = Release|Any CPU
		{E45DE047-FECE-4C2B-9A0F-3C53104E2FE3}.Debug|Any CPU.ActiveCfg = Debug|Any CPU
		{E45DE047-FECE-4C2B-9A0F-3C53104E2FE3}.Debug|Any CPU.Build.0 = Debug|Any CPU
		{E45DE047-FECE-4C2B-9A0F-3C53104E2FE3}.Release|Any CPU.ActiveCfg = Release|Any CPU
		{E45DE047-FECE-4C2B-9A0F-3C53104E2FE3}.Release|Any CPU.Build.0 = Release|Any CPU
		{5B1BF924-5338-4025-91EF-5558C47CECF9}.Debug|Any CPU.ActiveCfg = Debug|Any CPU
		{5B1BF924-5338-4025-91EF-5558C47CECF9}.Debug|Any CPU.Build.0 = Debug|Any CPU
		{5B1BF924-5338-4025-91EF-5558C47CECF9}.Release|Any CPU.ActiveCfg = Release|Any CPU
		{5B1BF924-5338-4025-91EF-5558C47CECF9}.Release|Any CPU.Build.0 = Release|Any CPU
		{90C730A3-B004-4287-8466-54A69E189F33}.Debug|Any CPU.ActiveCfg = Debug|Any CPU
		{90C730A3-B004-4287-8466-54A69E189F33}.Debug|Any CPU.Build.0 = Debug|Any CPU
		{90C730A3-B004-4287-8466-54A69E189F33}.Release|Any CPU.ActiveCfg = Release|Any CPU
		{90C730A3-B004-4287-8466-54A69E189F33}.Release|Any CPU.Build.0 = Release|Any CPU
		{893BA2F3-9631-456B-B210-412087CD7C36}.Debug|Any CPU.ActiveCfg = Debug|Any CPU
		{893BA2F3-9631-456B-B210-412087CD7C36}.Debug|Any CPU.Build.0 = Debug|Any CPU
		{893BA2F3-9631-456B-B210-412087CD7C36}.Release|Any CPU.ActiveCfg = Release|Any CPU
		{893BA2F3-9631-456B-B210-412087CD7C36}.Release|Any CPU.Build.0 = Release|Any CPU
		{BA10C48E-5A2A-40C7-B765-D3F1D754D234}.Debug|Any CPU.ActiveCfg = Debug|Any CPU
		{BA10C48E-5A2A-40C7-B765-D3F1D754D234}.Debug|Any CPU.Build.0 = Debug|Any CPU
		{BA10C48E-5A2A-40C7-B765-D3F1D754D234}.Release|Any CPU.ActiveCfg = Release|Any CPU
		{BA10C48E-5A2A-40C7-B765-D3F1D754D234}.Release|Any CPU.Build.0 = Release|Any CPU
		{A516CC6E-03CE-49ED-A11F-FFE0303E7BF4}.Debug|Any CPU.ActiveCfg = Debug|Any CPU
		{A516CC6E-03CE-49ED-A11F-FFE0303E7BF4}.Debug|Any CPU.Build.0 = Debug|Any CPU
		{A516CC6E-03CE-49ED-A11F-FFE0303E7BF4}.Release|Any CPU.ActiveCfg = Release|Any CPU
		{A516CC6E-03CE-49ED-A11F-FFE0303E7BF4}.Release|Any CPU.Build.0 = Release|Any CPU
		{8FA19E4F-9A3A-490C-BD0E-6E3BB76E91A5}.Debug|Any CPU.ActiveCfg = Debug|Any CPU
		{8FA19E4F-9A3A-490C-BD0E-6E3BB76E91A5}.Debug|Any CPU.Build.0 = Debug|Any CPU
		{8FA19E4F-9A3A-490C-BD0E-6E3BB76E91A5}.Release|Any CPU.ActiveCfg = Release|Any CPU
		{8FA19E4F-9A3A-490C-BD0E-6E3BB76E91A5}.Release|Any CPU.Build.0 = Release|Any CPU
		{AE6019B4-F5B1-48C5-95D7-993D367013C9}.Debug|Any CPU.ActiveCfg = Debug|Any CPU
		{AE6019B4-F5B1-48C5-95D7-993D367013C9}.Debug|Any CPU.Build.0 = Debug|Any CPU
		{AE6019B4-F5B1-48C5-95D7-993D367013C9}.Release|Any CPU.ActiveCfg = Release|Any CPU
		{AE6019B4-F5B1-48C5-95D7-993D367013C9}.Release|Any CPU.Build.0 = Release|Any CPU
		{F2676B6B-A25F-46E0-BD65-AC93DFCA5CA2}.Debug|Any CPU.ActiveCfg = Debug|Any CPU
		{F2676B6B-A25F-46E0-BD65-AC93DFCA5CA2}.Debug|Any CPU.Build.0 = Debug|Any CPU
		{F2676B6B-A25F-46E0-BD65-AC93DFCA5CA2}.Release|Any CPU.ActiveCfg = Release|Any CPU
		{F2676B6B-A25F-46E0-BD65-AC93DFCA5CA2}.Release|Any CPU.Build.0 = Release|Any CPU
		{0EECBD5F-0CFC-45F4-AD96-8BF6DB324780}.Debug|Any CPU.ActiveCfg = Debug|Any CPU
		{0EECBD5F-0CFC-45F4-AD96-8BF6DB324780}.Debug|Any CPU.Build.0 = Debug|Any CPU
		{0EECBD5F-0CFC-45F4-AD96-8BF6DB324780}.Release|Any CPU.ActiveCfg = Release|Any CPU
		{0EECBD5F-0CFC-45F4-AD96-8BF6DB324780}.Release|Any CPU.Build.0 = Release|Any CPU
		{2CC04F99-E2AE-4A30-8FC7-B75F475332CA}.Debug|Any CPU.ActiveCfg = Debug|Any CPU
		{2CC04F99-E2AE-4A30-8FC7-B75F475332CA}.Debug|Any CPU.Build.0 = Debug|Any CPU
		{2CC04F99-E2AE-4A30-8FC7-B75F475332CA}.Release|Any CPU.ActiveCfg = Release|Any CPU
		{2CC04F99-E2AE-4A30-8FC7-B75F475332CA}.Release|Any CPU.Build.0 = Release|Any CPU
		{47C0DFF6-9638-45FC-A6C3-92A606F74004}.Debug|Any CPU.ActiveCfg = Debug|Any CPU
		{47C0DFF6-9638-45FC-A6C3-92A606F74004}.Debug|Any CPU.Build.0 = Debug|Any CPU
		{47C0DFF6-9638-45FC-A6C3-92A606F74004}.Release|Any CPU.ActiveCfg = Release|Any CPU
		{47C0DFF6-9638-45FC-A6C3-92A606F74004}.Release|Any CPU.Build.0 = Release|Any CPU
		{A5FC3F90-421E-4917-B773-7A1D8D34DBA6}.Debug|Any CPU.ActiveCfg = Debug|Any CPU
		{A5FC3F90-421E-4917-B773-7A1D8D34DBA6}.Debug|Any CPU.Build.0 = Debug|Any CPU
		{A5FC3F90-421E-4917-B773-7A1D8D34DBA6}.Release|Any CPU.ActiveCfg = Release|Any CPU
		{A5FC3F90-421E-4917-B773-7A1D8D34DBA6}.Release|Any CPU.Build.0 = Release|Any CPU
		{E7959BAC-1D87-4BEF-9D96-DA51B9A24F97}.Debug|Any CPU.ActiveCfg = Debug|Any CPU
		{E7959BAC-1D87-4BEF-9D96-DA51B9A24F97}.Debug|Any CPU.Build.0 = Debug|Any CPU
		{E7959BAC-1D87-4BEF-9D96-DA51B9A24F97}.Release|Any CPU.ActiveCfg = Release|Any CPU
		{E7959BAC-1D87-4BEF-9D96-DA51B9A24F97}.Release|Any CPU.Build.0 = Release|Any CPU
		{342D0A74-0D37-4E40-A39F-81F81E3D6F89}.Debug|Any CPU.ActiveCfg = Debug|Any CPU
		{342D0A74-0D37-4E40-A39F-81F81E3D6F89}.Debug|Any CPU.Build.0 = Debug|Any CPU
		{342D0A74-0D37-4E40-A39F-81F81E3D6F89}.Release|Any CPU.ActiveCfg = Release|Any CPU
		{342D0A74-0D37-4E40-A39F-81F81E3D6F89}.Release|Any CPU.Build.0 = Release|Any CPU
		{645E69B4-AB85-43CE-9EDF-E05DC0C32B79}.Debug|Any CPU.ActiveCfg = Debug|Any CPU
		{645E69B4-AB85-43CE-9EDF-E05DC0C32B79}.Debug|Any CPU.Build.0 = Debug|Any CPU
		{645E69B4-AB85-43CE-9EDF-E05DC0C32B79}.Release|Any CPU.ActiveCfg = Release|Any CPU
		{645E69B4-AB85-43CE-9EDF-E05DC0C32B79}.Release|Any CPU.Build.0 = Release|Any CPU
		{D8E9F704-F069-46A3-92E5-24DAE05D7CA7}.Debug|Any CPU.ActiveCfg = Debug|Any CPU
		{D8E9F704-F069-46A3-92E5-24DAE05D7CA7}.Debug|Any CPU.Build.0 = Debug|Any CPU
		{D8E9F704-F069-46A3-92E5-24DAE05D7CA7}.Release|Any CPU.ActiveCfg = Release|Any CPU
		{D8E9F704-F069-46A3-92E5-24DAE05D7CA7}.Release|Any CPU.Build.0 = Release|Any CPU
		{137F3B10-CD45-46B1-BE80-28B3D45A4995}.Debug|Any CPU.ActiveCfg = Debug|Any CPU
		{137F3B10-CD45-46B1-BE80-28B3D45A4995}.Debug|Any CPU.Build.0 = Debug|Any CPU
		{137F3B10-CD45-46B1-BE80-28B3D45A4995}.Release|Any CPU.ActiveCfg = Release|Any CPU
		{137F3B10-CD45-46B1-BE80-28B3D45A4995}.Release|Any CPU.Build.0 = Release|Any CPU
		{A52A9302-C504-4D65-9AA7-7FB3AE32852C}.Debug|Any CPU.ActiveCfg = Debug|Any CPU
		{A52A9302-C504-4D65-9AA7-7FB3AE32852C}.Debug|Any CPU.Build.0 = Debug|Any CPU
		{A52A9302-C504-4D65-9AA7-7FB3AE32852C}.Release|Any CPU.ActiveCfg = Release|Any CPU
		{A52A9302-C504-4D65-9AA7-7FB3AE32852C}.Release|Any CPU.Build.0 = Release|Any CPU
		{93DCD9D1-FD6F-4C18-84A4-2660D3DCDC1E}.Debug|Any CPU.ActiveCfg = Debug|Any CPU
		{93DCD9D1-FD6F-4C18-84A4-2660D3DCDC1E}.Debug|Any CPU.Build.0 = Debug|Any CPU
		{93DCD9D1-FD6F-4C18-84A4-2660D3DCDC1E}.Release|Any CPU.ActiveCfg = Release|Any CPU
		{93DCD9D1-FD6F-4C18-84A4-2660D3DCDC1E}.Release|Any CPU.Build.0 = Release|Any CPU
		{FFC11B6E-DAA4-425B-87CD-01A4C755FA19}.Debug|Any CPU.ActiveCfg = Debug|Any CPU
		{FFC11B6E-DAA4-425B-87CD-01A4C755FA19}.Debug|Any CPU.Build.0 = Debug|Any CPU
		{FFC11B6E-DAA4-425B-87CD-01A4C755FA19}.Release|Any CPU.ActiveCfg = Release|Any CPU
		{FFC11B6E-DAA4-425B-87CD-01A4C755FA19}.Release|Any CPU.Build.0 = Release|Any CPU
		{A67B1AA6-DA34-40DF-868F-16C91FF667D6}.Debug|Any CPU.ActiveCfg = Debug|Any CPU
		{A67B1AA6-DA34-40DF-868F-16C91FF667D6}.Debug|Any CPU.Build.0 = Debug|Any CPU
		{A67B1AA6-DA34-40DF-868F-16C91FF667D6}.Release|Any CPU.ActiveCfg = Release|Any CPU
		{A67B1AA6-DA34-40DF-868F-16C91FF667D6}.Release|Any CPU.Build.0 = Release|Any CPU
		{FAAF1723-B50A-417D-8D91-B42981119B89}.Debug|Any CPU.ActiveCfg = Debug|Any CPU
		{FAAF1723-B50A-417D-8D91-B42981119B89}.Debug|Any CPU.Build.0 = Debug|Any CPU
		{FAAF1723-B50A-417D-8D91-B42981119B89}.Release|Any CPU.ActiveCfg = Release|Any CPU
		{FAAF1723-B50A-417D-8D91-B42981119B89}.Release|Any CPU.Build.0 = Release|Any CPU
		{1AEBAC78-05B6-44C4-854D-DA5EF3CE765D}.Debug|Any CPU.ActiveCfg = Debug|Any CPU
		{1AEBAC78-05B6-44C4-854D-DA5EF3CE765D}.Debug|Any CPU.Build.0 = Debug|Any CPU
		{1AEBAC78-05B6-44C4-854D-DA5EF3CE765D}.Release|Any CPU.ActiveCfg = Release|Any CPU
		{1AEBAC78-05B6-44C4-854D-DA5EF3CE765D}.Release|Any CPU.Build.0 = Release|Any CPU
		{47CB0E6D-9AB0-4337-BF91-DDCE3CBDFD2C}.Debug|Any CPU.ActiveCfg = Debug|Any CPU
		{47CB0E6D-9AB0-4337-BF91-DDCE3CBDFD2C}.Debug|Any CPU.Build.0 = Debug|Any CPU
		{47CB0E6D-9AB0-4337-BF91-DDCE3CBDFD2C}.Release|Any CPU.ActiveCfg = Release|Any CPU
		{47CB0E6D-9AB0-4337-BF91-DDCE3CBDFD2C}.Release|Any CPU.Build.0 = Release|Any CPU
		{279434F3-CD7C-4EA9-A6B3-5D6BFF215BFD}.Debug|Any CPU.ActiveCfg = Debug|Any CPU
		{279434F3-CD7C-4EA9-A6B3-5D6BFF215BFD}.Debug|Any CPU.Build.0 = Debug|Any CPU
		{279434F3-CD7C-4EA9-A6B3-5D6BFF215BFD}.Release|Any CPU.ActiveCfg = Release|Any CPU
		{279434F3-CD7C-4EA9-A6B3-5D6BFF215BFD}.Release|Any CPU.Build.0 = Release|Any CPU
		{9243939C-AA44-446F-AFF5-475D5513A056}.Debug|Any CPU.ActiveCfg = Debug|Any CPU
		{9243939C-AA44-446F-AFF5-475D5513A056}.Debug|Any CPU.Build.0 = Debug|Any CPU
		{9243939C-AA44-446F-AFF5-475D5513A056}.Release|Any CPU.ActiveCfg = Release|Any CPU
		{9243939C-AA44-446F-AFF5-475D5513A056}.Release|Any CPU.Build.0 = Release|Any CPU
		{E35F0979-29E6-4528-912F-029A1600992C}.Debug|Any CPU.ActiveCfg = Debug|Any CPU
		{E35F0979-29E6-4528-912F-029A1600992C}.Debug|Any CPU.Build.0 = Debug|Any CPU
		{E35F0979-29E6-4528-912F-029A1600992C}.Release|Any CPU.ActiveCfg = Release|Any CPU
		{E35F0979-29E6-4528-912F-029A1600992C}.Release|Any CPU.Build.0 = Release|Any CPU
		{BEFEF3C6-10B0-4599-8C8B-6FA46211F63A}.Debug|Any CPU.ActiveCfg = Debug|Any CPU
		{BEFEF3C6-10B0-4599-8C8B-6FA46211F63A}.Debug|Any CPU.Build.0 = Debug|Any CPU
		{BEFEF3C6-10B0-4599-8C8B-6FA46211F63A}.Release|Any CPU.ActiveCfg = Release|Any CPU
		{BEFEF3C6-10B0-4599-8C8B-6FA46211F63A}.Release|Any CPU.Build.0 = Release|Any CPU
	EndGlobalSection
	GlobalSection(NestedProjects) = preSolution
		{53B8B86A-333C-4A44-A102-1782161AB427} = {88B1D314-C687-44D4-96C1-67EFDF563DD4}
		{63E850AA-E17A-41AB-81BB-5449345EB3AB} = {88B1D314-C687-44D4-96C1-67EFDF563DD4}
		{219497AB-47A9-4A3A-A286-59685309475A} = {9800BBFF-0FE7-44A2-88BC-689B0BF3732A}
		{970787E4-9C29-40CA-BA07-07D379FBCC0E} = {9800BBFF-0FE7-44A2-88BC-689B0BF3732A}
		{1DAE1B94-ABFA-478A-A177-0F77D9FFC74E} = {B7A4F6D3-FE3D-475B-9C5C-8FF2C13B97CB}
		{2AC7BE02-D56E-4579-9092-C227DA0428C3} = {B7A4F6D3-FE3D-475B-9C5C-8FF2C13B97CB}
		{11FF918F-0C3F-4A21-A4C8-E47E1BA09564} = {AC65181C-D108-4A11-A75A-E2ED27AF3344}
		{781DBE58-377A-41FD-B61A-7BBD0C4085B4} = {AC65181C-D108-4A11-A75A-E2ED27AF3344}
		{1C992BEE-1450-4F76-88CE-9D34903F2E2C} = {523944AE-6640-4755-B6D5-5BECE1D20DA0}
		{860D1C94-C870-41C4-BFCF-EE3AFD77DC28} = {523944AE-6640-4755-B6D5-5BECE1D20DA0}
		{4C112502-499F-4C78-864F-D3DB9AB8FA18} = {523944AE-6640-4755-B6D5-5BECE1D20DA0}
		{7C5CCA7F-7D2E-4BB5-84B0-1EB19F98CB88} = {523944AE-6640-4755-B6D5-5BECE1D20DA0}
		{458343E9-B995-4123-AD4B-77F094EE1646} = {523944AE-6640-4755-B6D5-5BECE1D20DA0}
		{EB849F71-2D99-4A19-B5F8-856067688CBE} = {523944AE-6640-4755-B6D5-5BECE1D20DA0}
		{253A08DE-B2CD-4090-9622-7E01C06790F5} = {523944AE-6640-4755-B6D5-5BECE1D20DA0}
		{1A541380-2C9B-4F9D-9831-E893B87CE96D} = {523944AE-6640-4755-B6D5-5BECE1D20DA0}
		{051E0796-A5EA-4FEF-9CA9-A263140913DF} = {D0D39894-616A-417B-B411-A41F537E8CE3}
		{7A3CEEF4-68BB-41EB-A110-D667C8FB792E} = {D0D39894-616A-417B-B411-A41F537E8CE3}
		{E45DE047-FECE-4C2B-9A0F-3C53104E2FE3} = {D0D39894-616A-417B-B411-A41F537E8CE3}
		{5B1BF924-5338-4025-91EF-5558C47CECF9} = {D0D39894-616A-417B-B411-A41F537E8CE3}
		{90C730A3-B004-4287-8466-54A69E189F33} = {523944AE-6640-4755-B6D5-5BECE1D20DA0}
		{893BA2F3-9631-456B-B210-412087CD7C36} = {BA2A766E-0EC7-4904-B8AC-3D0C8224A7A6}
		{BA10C48E-5A2A-40C7-B765-D3F1D754D234} = {BA2A766E-0EC7-4904-B8AC-3D0C8224A7A6}
		{DB0C2AE5-7C70-439D-BC7A-59DBA15D9345} = {523944AE-6640-4755-B6D5-5BECE1D20DA0}
		{F2676B6B-A25F-46E0-BD65-AC93DFCA5CA2} = {DB0C2AE5-7C70-439D-BC7A-59DBA15D9345}
		{0EECBD5F-0CFC-45F4-AD96-8BF6DB324780} = {DB0C2AE5-7C70-439D-BC7A-59DBA15D9345}
		{2CC04F99-E2AE-4A30-8FC7-B75F475332CA} = {67D786B1-C997-4152-974D-E45474352491}
		{47C0DFF6-9638-45FC-A6C3-92A606F74004} = {67D786B1-C997-4152-974D-E45474352491}
		{A5FC3F90-421E-4917-B773-7A1D8D34DBA6} = {523944AE-6640-4755-B6D5-5BECE1D20DA0}
		{B4A0AEBF-AE31-402F-8025-9D35895C5EBC} = {523944AE-6640-4755-B6D5-5BECE1D20DA0}
		{E7959BAC-1D87-4BEF-9D96-DA51B9A24F97} = {B4A0AEBF-AE31-402F-8025-9D35895C5EBC}
		{342D0A74-0D37-4E40-A39F-81F81E3D6F89} = {B4A0AEBF-AE31-402F-8025-9D35895C5EBC}
		{645E69B4-AB85-43CE-9EDF-E05DC0C32B79} = {CFDDFC28-3258-4B2C-83E1-926A21602C05}
		{D8E9F704-F069-46A3-92E5-24DAE05D7CA7} = {CFDDFC28-3258-4B2C-83E1-926A21602C05}
		{137F3B10-CD45-46B1-BE80-28B3D45A4995} = {CFDDFC28-3258-4B2C-83E1-926A21602C05}
		{A52A9302-C504-4D65-9AA7-7FB3AE32852C} = {B4A0AEBF-AE31-402F-8025-9D35895C5EBC}
		{93DCD9D1-FD6F-4C18-84A4-2660D3DCDC1E} = {14527DD4-E362-45B0-866E-7D6870BABABF}
		{FFC11B6E-DAA4-425B-87CD-01A4C755FA19} = {14527DD4-E362-45B0-866E-7D6870BABABF}
		{A67B1AA6-DA34-40DF-868F-16C91FF667D6} = {7345478E-0B07-4C5E-9286-E74F5D145C00}
		{FAAF1723-B50A-417D-8D91-B42981119B89} = {7345478E-0B07-4C5E-9286-E74F5D145C00}
		{1AEBAC78-05B6-44C4-854D-DA5EF3CE765D} = {7345478E-0B07-4C5E-9286-E74F5D145C00}
		{47CB0E6D-9AB0-4337-BF91-DDCE3CBDFD2C} = {7345478E-0B07-4C5E-9286-E74F5D145C00}
		{279434F3-CD7C-4EA9-A6B3-5D6BFF215BFD} = {DB0C2AE5-7C70-439D-BC7A-59DBA15D9345}
		{9243939C-AA44-446F-AFF5-475D5513A056} = {9800BBFF-0FE7-44A2-88BC-689B0BF3732A}
		{E35F0979-29E6-4528-912F-029A1600992C} = {9800BBFF-0FE7-44A2-88BC-689B0BF3732A}
		{BEFEF3C6-10B0-4599-8C8B-6FA46211F63A} = {9800BBFF-0FE7-44A2-88BC-689B0BF3732A}
	EndGlobalSection
EndGlobal
